
Microsoft Visual Studio Solution File, Format Version 12.00
# Visual Studio Version 16
VisualStudioVersion = 16.0.29409.12
MinimumVisualStudioVersion = 10.0.40219.1
Project("{2150E333-8FDC-42A3-9474-1A3956D46DE8}") = "Microservices", "Microservices", "{A5CC27FE-0D90-4C11-8866-1D6F9258A01C}"
EndProject
Project("{2150E333-8FDC-42A3-9474-1A3956D46DE8}") = "Domain", "Domain", "{6F0A6CF0-AE97-4D1D-A741-E9B5AC68CBDF}"
EndProject
Project("{2150E333-8FDC-42A3-9474-1A3956D46DE8}") = "Infra.Bus", "Infra.Bus", "{BDE741B8-A145-4181-B74A-E7C6E9D5FC20}"
EndProject
Project("{2150E333-8FDC-42A3-9474-1A3956D46DE8}") = "Infra.IoC", "Infra.IoC", "{EF681CCD-B0C2-4A88-8470-6917209B9776}"
EndProject
Project("{2150E333-8FDC-42A3-9474-1A3956D46DE8}") = "Presentation", "Presentation", "{D0764859-FB98-452C-A275-3883C9C545D0}"
EndProject
Project("{9A19103F-16F7-4668-BE54-9A1E7A4F7556}") = "MicroRabbit.Domain.Core", "MicroRabbit.Domain.Core\MicroRabbit.Domain.Core.csproj", "{D228FC04-FAFE-489A-8579-2DE4D46B27CF}"
EndProject
Project("{9A19103F-16F7-4668-BE54-9A1E7A4F7556}") = "MicroRabbit.Infra.Bus", "MicroRabbit.Infra.Bus\MicroRabbit.Infra.Bus.csproj", "{A7DFAA1D-22C6-4102-9F7E-BDD1AF6532D6}"
EndProject
Project("{9A19103F-16F7-4668-BE54-9A1E7A4F7556}") = "MicroRabbit.Infra.IoC", "MicroRabbit.Infra.IoC\MicroRabbit.Infra.IoC.csproj", "{5589DB3B-4BFB-443C-9142-A257A8135E8C}"
EndProject
Project("{2150E333-8FDC-42A3-9474-1A3956D46DE8}") = "Banking", "Banking", "{E62DAA7A-4CD5-4187-BEFE-533D0771C59B}"
EndProject
Project("{2150E333-8FDC-42A3-9474-1A3956D46DE8}") = "Api", "Api", "{128C6EF9-A194-4F1B-9E92-3F98086E6A61}"
EndProject
Project("{2150E333-8FDC-42A3-9474-1A3956D46DE8}") = "Domain", "Domain", "{1C577D88-3042-4A96-A469-4AA0EED64E45}"
EndProject
Project("{2150E333-8FDC-42A3-9474-1A3956D46DE8}") = "Application", "Application", "{442279BC-DFA0-4169-BC1A-323B2E2A31DA}"
EndProject
Project("{2150E333-8FDC-42A3-9474-1A3956D46DE8}") = "Data", "Data", "{BA1EF06B-735B-4DCA-AE7C-F4A9B4CFB1E0}"
EndProject
Project("{9A19103F-16F7-4668-BE54-9A1E7A4F7556}") = "MicroRabbit.Banking.Api", "MicroRabbit.Banking.Api\MicroRabbit.Banking.Api.csproj", "{A2E14284-005C-4551-AF39-822B898ABDEA}"
EndProject
Project("{9A19103F-16F7-4668-BE54-9A1E7A4F7556}") = "MicroRabbit.Banking.Application", "MicroRabbit.Banking.Application\MicroRabbit.Banking.Application.csproj", "{29FAE18D-DB40-48E6-8865-99A0A1FE8DAF}"
EndProject
Project("{9A19103F-16F7-4668-BE54-9A1E7A4F7556}") = "MicroRabbit.Banking.Data", "MicroRabbit.Banking.Data\MicroRabbit.Banking.Data.csproj", "{B9D22072-BFAE-4512-8762-F4B8A516CE52}"
EndProject
Project("{9A19103F-16F7-4668-BE54-9A1E7A4F7556}") = "MicroRabbit.Banking.Domain", "MicroRabbit.Banking.Domain\MicroRabbit.Banking.Domain.csproj", "{167D2B52-62AF-46F8-A9A1-4F770FC4E64E}"
EndProject
Project("{2150E333-8FDC-42A3-9474-1A3956D46DE8}") = "Transfer - Read from queue", "Transfer - Read from queue", "{5BB7BEF2-70E5-4542-97C8-9CC2BCBE87DB}"
EndProject
Project("{2150E333-8FDC-42A3-9474-1A3956D46DE8}") = "Api", "Api", "{C55A243C-965E-4789-B133-DF7171A1A9BC}"
EndProject
Project("{2150E333-8FDC-42A3-9474-1A3956D46DE8}") = "Application", "Application", "{D7323CA3-BF65-4382-85AC-AF5DF5DA6B7D}"
EndProject
Project("{2150E333-8FDC-42A3-9474-1A3956D46DE8}") = "Domain", "Domain", "{AEF0B68C-EC7A-426A-80DB-04544A0056C9}"
EndProject
Project("{2150E333-8FDC-42A3-9474-1A3956D46DE8}") = "Data", "Data", "{73B4476F-0CE8-4BC3-A29D-68CC0F404020}"
EndProject
Project("{9A19103F-16F7-4668-BE54-9A1E7A4F7556}") = "MicroRabbit.Transfer.Api", "MicroRabbit.Transfer.Api\MicroRabbit.Transfer.Api.csproj", "{9C6CBCCD-8AAB-47D2-BF99-372C23EE9ED8}"
EndProject
Project("{9A19103F-16F7-4668-BE54-9A1E7A4F7556}") = "MicroRabbit.Transfer.Application", "MicroRabbit.Transfer.Application\MicroRabbit.Transfer.Application.csproj", "{8F4AABAB-5912-491C-9418-B09C8B49DB06}"
EndProject
Project("{9A19103F-16F7-4668-BE54-9A1E7A4F7556}") = "MicroRabbit.Transfer.Data", "MicroRabbit.Transfer.Data\MicroRabbit.Transfer.Data.csproj", "{4249478F-3163-49B7-AA4E-350BD9366D0C}"
EndProject
Project("{9A19103F-16F7-4668-BE54-9A1E7A4F7556}") = "MicroRabbit.Transfer.Domain", "MicroRabbit.Transfer.Domain\MicroRabbit.Transfer.Domain.csproj", "{EBB4FB99-27CD-4F54-B88D-761D80DE4EBD}"
EndProject
Project("{9A19103F-16F7-4668-BE54-9A1E7A4F7556}") = "MicroRabbit.MVC", "MicroRabbit.MVC\MicroRabbit.MVC.csproj", "{A592F17E-A6DE-4164-A445-EE850EF9A4F3}"
EndProject
Global
	GlobalSection(SolutionConfigurationPlatforms) = preSolution
		Debug|Any CPU = Debug|Any CPU
		Release|Any CPU = Release|Any CPU
	EndGlobalSection
	GlobalSection(ProjectConfigurationPlatforms) = postSolution
		{D228FC04-FAFE-489A-8579-2DE4D46B27CF}.Debug|Any CPU.ActiveCfg = Debug|Any CPU
		{D228FC04-FAFE-489A-8579-2DE4D46B27CF}.Debug|Any CPU.Build.0 = Debug|Any CPU
		{D228FC04-FAFE-489A-8579-2DE4D46B27CF}.Release|Any CPU.ActiveCfg = Release|Any CPU
		{D228FC04-FAFE-489A-8579-2DE4D46B27CF}.Release|Any CPU.Build.0 = Release|Any CPU
		{A7DFAA1D-22C6-4102-9F7E-BDD1AF6532D6}.Debug|Any CPU.ActiveCfg = Debug|Any CPU
		{A7DFAA1D-22C6-4102-9F7E-BDD1AF6532D6}.Debug|Any CPU.Build.0 = Debug|Any CPU
		{A7DFAA1D-22C6-4102-9F7E-BDD1AF6532D6}.Release|Any CPU.ActiveCfg = Release|Any CPU
		{A7DFAA1D-22C6-4102-9F7E-BDD1AF6532D6}.Release|Any CPU.Build.0 = Release|Any CPU
		{5589DB3B-4BFB-443C-9142-A257A8135E8C}.Debug|Any CPU.ActiveCfg = Debug|Any CPU
		{5589DB3B-4BFB-443C-9142-A257A8135E8C}.Debug|Any CPU.Build.0 = Debug|Any CPU
		{5589DB3B-4BFB-443C-9142-A257A8135E8C}.Release|Any CPU.ActiveCfg = Release|Any CPU
		{5589DB3B-4BFB-443C-9142-A257A8135E8C}.Release|Any CPU.Build.0 = Release|Any CPU
		{A2E14284-005C-4551-AF39-822B898ABDEA}.Debug|Any CPU.ActiveCfg = Debug|Any CPU
		{A2E14284-005C-4551-AF39-822B898ABDEA}.Debug|Any CPU.Build.0 = Debug|Any CPU
		{A2E14284-005C-4551-AF39-822B898ABDEA}.Release|Any CPU.ActiveCfg = Release|Any CPU
		{A2E14284-005C-4551-AF39-822B898ABDEA}.Release|Any CPU.Build.0 = Release|Any CPU
		{29FAE18D-DB40-48E6-8865-99A0A1FE8DAF}.Debug|Any CPU.ActiveCfg = Debug|Any CPU
		{29FAE18D-DB40-48E6-8865-99A0A1FE8DAF}.Debug|Any CPU.Build.0 = Debug|Any CPU
		{29FAE18D-DB40-48E6-8865-99A0A1FE8DAF}.Release|Any CPU.ActiveCfg = Release|Any CPU
		{29FAE18D-DB40-48E6-8865-99A0A1FE8DAF}.Release|Any CPU.Build.0 = Release|Any CPU
		{B9D22072-BFAE-4512-8762-F4B8A516CE52}.Debug|Any CPU.ActiveCfg = Debug|Any CPU
		{B9D22072-BFAE-4512-8762-F4B8A516CE52}.Debug|Any CPU.Build.0 = Debug|Any CPU
		{B9D22072-BFAE-4512-8762-F4B8A516CE52}.Release|Any CPU.ActiveCfg = Release|Any CPU
		{B9D22072-BFAE-4512-8762-F4B8A516CE52}.Release|Any CPU.Build.0 = Release|Any CPU
		{167D2B52-62AF-46F8-A9A1-4F770FC4E64E}.Debug|Any CPU.ActiveCfg = Debug|Any CPU
		{167D2B52-62AF-46F8-A9A1-4F770FC4E64E}.Debug|Any CPU.Build.0 = Debug|Any CPU
		{167D2B52-62AF-46F8-A9A1-4F770FC4E64E}.Release|Any CPU.ActiveCfg = Release|Any CPU
		{167D2B52-62AF-46F8-A9A1-4F770FC4E64E}.Release|Any CPU.Build.0 = Release|Any CPU
		{9C6CBCCD-8AAB-47D2-BF99-372C23EE9ED8}.Debug|Any CPU.ActiveCfg = Debug|Any CPU
		{9C6CBCCD-8AAB-47D2-BF99-372C23EE9ED8}.Debug|Any CPU.Build.0 = Debug|Any CPU
		{9C6CBCCD-8AAB-47D2-BF99-372C23EE9ED8}.Release|Any CPU.ActiveCfg = Release|Any CPU
		{9C6CBCCD-8AAB-47D2-BF99-372C23EE9ED8}.Release|Any CPU.Build.0 = Release|Any CPU
		{8F4AABAB-5912-491C-9418-B09C8B49DB06}.Debug|Any CPU.ActiveCfg = Debug|Any CPU
		{8F4AABAB-5912-491C-9418-B09C8B49DB06}.Debug|Any CPU.Build.0 = Debug|Any CPU
		{8F4AABAB-5912-491C-9418-B09C8B49DB06}.Release|Any CPU.ActiveCfg = Release|Any CPU
		{8F4AABAB-5912-491C-9418-B09C8B49DB06}.Release|Any CPU.Build.0 = Release|Any CPU
		{4249478F-3163-49B7-AA4E-350BD9366D0C}.Debug|Any CPU.ActiveCfg = Debug|Any CPU
		{4249478F-3163-49B7-AA4E-350BD9366D0C}.Debug|Any CPU.Build.0 = Debug|Any CPU
		{4249478F-3163-49B7-AA4E-350BD9366D0C}.Release|Any CPU.ActiveCfg = Release|Any CPU
		{4249478F-3163-49B7-AA4E-350BD9366D0C}.Release|Any CPU.Build.0 = Release|Any CPU
		{EBB4FB99-27CD-4F54-B88D-761D80DE4EBD}.Debug|Any CPU.ActiveCfg = Debug|Any CPU
		{EBB4FB99-27CD-4F54-B88D-761D80DE4EBD}.Debug|Any CPU.Build.0 = Debug|Any CPU
		{EBB4FB99-27CD-4F54-B88D-761D80DE4EBD}.Release|Any CPU.ActiveCfg = Release|Any CPU
		{EBB4FB99-27CD-4F54-B88D-761D80DE4EBD}.Release|Any CPU.Build.0 = Release|Any CPU
		{A592F17E-A6DE-4164-A445-EE850EF9A4F3}.Debug|Any CPU.ActiveCfg = Debug|Any CPU
		{A592F17E-A6DE-4164-A445-EE850EF9A4F3}.Debug|Any CPU.Build.0 = Debug|Any CPU
		{A592F17E-A6DE-4164-A445-EE850EF9A4F3}.Release|Any CPU.ActiveCfg = Release|Any CPU
		{A592F17E-A6DE-4164-A445-EE850EF9A4F3}.Release|Any CPU.Build.0 = Release|Any CPU
	EndGlobalSection
	GlobalSection(SolutionProperties) = preSolution
		HideSolutionNode = FALSE
	EndGlobalSection
	GlobalSection(NestedProjects) = preSolution
		{D228FC04-FAFE-489A-8579-2DE4D46B27CF} = {6F0A6CF0-AE97-4D1D-A741-E9B5AC68CBDF}
		{A7DFAA1D-22C6-4102-9F7E-BDD1AF6532D6} = {BDE741B8-A145-4181-B74A-E7C6E9D5FC20}
		{5589DB3B-4BFB-443C-9142-A257A8135E8C} = {EF681CCD-B0C2-4A88-8470-6917209B9776}
		{E62DAA7A-4CD5-4187-BEFE-533D0771C59B} = {A5CC27FE-0D90-4C11-8866-1D6F9258A01C}
		{128C6EF9-A194-4F1B-9E92-3F98086E6A61} = {E62DAA7A-4CD5-4187-BEFE-533D0771C59B}
		{1C577D88-3042-4A96-A469-4AA0EED64E45} = {E62DAA7A-4CD5-4187-BEFE-533D0771C59B}
		{442279BC-DFA0-4169-BC1A-323B2E2A31DA} = {E62DAA7A-4CD5-4187-BEFE-533D0771C59B}
		{BA1EF06B-735B-4DCA-AE7C-F4A9B4CFB1E0} = {E62DAA7A-4CD5-4187-BEFE-533D0771C59B}
		{A2E14284-005C-4551-AF39-822B898ABDEA} = {128C6EF9-A194-4F1B-9E92-3F98086E6A61}
		{29FAE18D-DB40-48E6-8865-99A0A1FE8DAF} = {442279BC-DFA0-4169-BC1A-323B2E2A31DA}
		{B9D22072-BFAE-4512-8762-F4B8A516CE52} = {BA1EF06B-735B-4DCA-AE7C-F4A9B4CFB1E0}
		{167D2B52-62AF-46F8-A9A1-4F770FC4E64E} = {1C577D88-3042-4A96-A469-4AA0EED64E45}
		{5BB7BEF2-70E5-4542-97C8-9CC2BCBE87DB} = {A5CC27FE-0D90-4C11-8866-1D6F9258A01C}
		{C55A243C-965E-4789-B133-DF7171A1A9BC} = {5BB7BEF2-70E5-4542-97C8-9CC2BCBE87DB}
		{D7323CA3-BF65-4382-85AC-AF5DF5DA6B7D} = {5BB7BEF2-70E5-4542-97C8-9CC2BCBE87DB}
		{AEF0B68C-EC7A-426A-80DB-04544A0056C9} = {5BB7BEF2-70E5-4542-97C8-9CC2BCBE87DB}
		{73B4476F-0CE8-4BC3-A29D-68CC0F404020} = {5BB7BEF2-70E5-4542-97C8-9CC2BCBE87DB}
		{9C6CBCCD-8AAB-47D2-BF99-372C23EE9ED8} = {C55A243C-965E-4789-B133-DF7171A1A9BC}
		{8F4AABAB-5912-491C-9418-B09C8B49DB06} = {D7323CA3-BF65-4382-85AC-AF5DF5DA6B7D}
		{4249478F-3163-49B7-AA4E-350BD9366D0C} = {73B4476F-0CE8-4BC3-A29D-68CC0F404020}
		{EBB4FB99-27CD-4F54-B88D-761D80DE4EBD} = {AEF0B68C-EC7A-426A-80DB-04544A0056C9}
		{A592F17E-A6DE-4164-A445-EE850EF9A4F3} = {D0764859-FB98-452C-A275-3883C9C545D0}
	EndGlobalSection
	GlobalSection(ExtensibilityGlobals) = postSolution
		SolutionGuid = {A8726B02-0F47-48BF-B4E9-0250710BC734}
	EndGlobalSection
EndGlobal
